
Microsoft Visual Studio Solution File, Format Version 12.00
# Visual Studio Version 17
VisualStudioVersion = 17.3.32819.101
MinimumVisualStudioVersion = 10.0.40219.1
Project("{9A19103F-16F7-4668-BE54-9A1E7A4F7556}") = "Model", "Model\Model.csproj", "{711EFA0A-DBE9-439E-BE17-16B8F02FFAA2}"
EndProject
Project("{2150E333-8FDC-42A3-9474-1A3956D46DE8}") = "Example_1", "Example_1", "{8EB5B8AF-F8E9-4BFB-8AF8-F56B509914C5}"
EndProject
Project("{9A19103F-16F7-4668-BE54-9A1E7A4F7556}") = "Example_1_Problem", "Example 1\Example_1_Problem\Example_1_Problem.csproj", "{B384AE55-C033-4A9B-831A-5AC2C84E5748}"
EndProject
Project("{FAE04EC0-301F-11D3-BF4B-00C04F79EFBC}") = "Example_1_Solution", "Example 1\Example_1_Solution\Example_1_Solution.csproj", "{C1471C2A-8EF9-4174-BE49-CED6FBFF2110}"
EndProject
Global
	GlobalSection(SolutionConfigurationPlatforms) = preSolution
		Debug|Any CPU = Debug|Any CPU
		Release|Any CPU = Release|Any CPU
	EndGlobalSection
	GlobalSection(ProjectConfigurationPlatforms) = postSolution
		{711EFA0A-DBE9-439E-BE17-16B8F02FFAA2}.Debug|Any CPU.ActiveCfg = Debug|Any CPU
		{711EFA0A-DBE9-439E-BE17-16B8F02FFAA2}.Debug|Any CPU.Build.0 = Debug|Any CPU
		{711EFA0A-DBE9-439E-BE17-16B8F02FFAA2}.Release|Any CPU.ActiveCfg = Release|Any CPU
		{711EFA0A-DBE9-439E-BE17-16B8F02FFAA2}.Release|Any CPU.Build.0 = Release|Any CPU
		{B384AE55-C033-4A9B-831A-5AC2C84E5748}.Debug|Any CPU.ActiveCfg = Debug|Any CPU
		{B384AE55-C033-4A9B-831A-5AC2C84E5748}.Debug|Any CPU.Build.0 = Debug|Any CPU
		{B384AE55-C033-4A9B-831A-5AC2C84E5748}.Release|Any CPU.ActiveCfg = Release|Any CPU
		{B384AE55-C033-4A9B-831A-5AC2C84E5748}.Release|Any CPU.Build.0 = Release|Any CPU
		{C1471C2A-8EF9-4174-BE49-CED6FBFF2110}.Debug|Any CPU.ActiveCfg = Debug|Any CPU
		{C1471C2A-8EF9-4174-BE49-CED6FBFF2110}.Debug|Any CPU.Build.0 = Debug|Any CPU
		{C1471C2A-8EF9-4174-BE49-CED6FBFF2110}.Release|Any CPU.ActiveCfg = Release|Any CPU
		{C1471C2A-8EF9-4174-BE49-CED6FBFF2110}.Release|Any CPU.Build.0 = Release|Any CPU
	EndGlobalSection
	GlobalSection(SolutionProperties) = preSolution
		HideSolutionNode = FALSE
	EndGlobalSection
	GlobalSection(NestedProjects) = preSolution
		{B384AE55-C033-4A9B-831A-5AC2C84E5748} = {8EB5B8AF-F8E9-4BFB-8AF8-F56B509914C5}
		{C1471C2A-8EF9-4174-BE49-CED6FBFF2110} = {8EB5B8AF-F8E9-4BFB-8AF8-F56B509914C5}
	EndGlobalSection
	GlobalSection(ExtensibilityGlobals) = postSolution
		SolutionGuid = {6BA9FFAA-0BA7-4532-B0A3-CE3C732F74D9}
	EndGlobalSection
EndGlobal
